version = 1
revision = 3
requires-python = "==3.13.*"
resolution-markers = [
    "sys_platform == 'win32'",
    "sys_platform == 'emscripten'",
    "sys_platform != 'emscripten' and sys_platform != 'win32'",
]

[[package]]
name = "click"
version = "8.4.2"
source = { registry = "https://pypi.org/simple" }
dependencies = [
    { name = "colorama", marker = "sys_platform == 'win32'" },
]
sdist = { url = "https://files.pythonhosted.org/packages/76/d4/81420972a676e8ffea40450d8c8c92943e7218a78fe9b64359836cc9876b/click-8.4.2.tar.gz", hash = "sha256:9a6cea6e60b17ebe0a44c5cc636d94f09bd66142c1cd7d8b4cd731c4917a15f6", size = 338000, upload-time = "2026-06-24T17:45:15.148Z" }
wheels = [
    { url = "https://files.pythonhosted.org/packages/fb/e2/79c688af8b210d232694e31e59da9f6ec747bae31c3f5946e4e9b98860d5/click-8.4.2-py3-none-any.whl", hash = "sha256:e6f9f66136c816745b9d65817da91d61d957fb16e02e4dcd0552553c5a197b76", size = 119243, upload-time = "2026-06-24T17:45:13.73Z" },
]

[[package]]
name = "colorama"
version = "0.4.6"
source = { registry = "https://pypi.org/simple" }
sdist = { url = "https://files.pythonhosted.org/packages/d8/53/6f443c9a4a8358a93a6792e2acffb9d9d5cb0a5cfd8802644b7b1c9a02e4/colorama-0.4.6.tar.gz", hash = "sha256:08695f5cb7ed6e0531a20572697297273c47b8cae5a63ffc6d6ed5c201be6e44", size = 27697, upload-time = "2022-10-25T02:36:22.414Z" }
wheels = [
    { url = "https://files.pythonhosted.org/packages/d1/d6/3965ed04c63042e047cb6a3e6ed1a63a35087b6a609aa3a15ed8ac56c221/colorama-0.4.6-py2.py3-none-any.whl", hash = "sha256:4f1d9991f5acc0ca119f9d443620b77f9d6b33703e51011c16baf57afb285fc6", size = 25335, upload-time = "2022-10-25T02:36:20.889Z" },
]

[[package]]
name = "fsspec"
version = "2026.2.0"
source = { registry = "https://pypi.org/simple" }
sdist = { url = "https://files.pythonhosted.org/packages/51/7c/f60c259dcbf4f0c47cc4ddb8f7720d2dcdc8888c8e5ad84c73ea4531cc5b/fsspec-2026.2.0.tar.gz", hash = "sha256:6544e34b16869f5aacd5b90bdf1a71acb37792ea3ddf6125ee69a22a53fb8bff", size = 313441, upload-time = "2026-02-05T21:50:53.743Z" }
wheels = [
    { url = "https://files.pythonhosted.org/packages/e6/ab/fb21f4c939bb440104cc2b396d3be1d9b7a9fd3c6c2a53d98c45b3d7c954/fsspec-2026.2.0-py3-none-any.whl", hash = "sha256:98de475b5cb3bd66bedd5c4679e87b4fdfe1a3bf4d707b151b3c07e58c9a2437", size = 202505, upload-time = "2026-02-05T21:50:51.819Z" },
]

[[package]]
name = "msgspec"
version = "0.21.1"
source = { registry = "https://pypi.org/simple" }
sdist = { url = "https://files.pythonhosted.org/packages/e3/60/f79b9b013a16fa3a58350c9295ddc6789f2e335f36ea61ed10a21b215364/msgspec-0.21.1.tar.gz", hash = "sha256:2313508e394b0d208f8f56892ca9b2799e2561329de9763b19619595a6c0f72c", size = 319193, upload-time = "2026-04-12T21:44:50.394Z" }
wheels = [
    { url = "https://files.pythonhosted.org/packages/7e/74/f11ede02839b19ff459f88e3145df5d711626ca84da4e23520cebf819367/msgspec-0.21.1-cp313-cp313-macosx_10_13_x86_64.whl", hash = "sha256:764173717a01743f007e9f74520ed281f24672c604514f7d76c1c3a10e8edb66", size = 196176, upload-time = "2026-04-12T21:44:17.613Z" },
    { url = "https://files.pythonhosted.org/packages/bb/40/4476c1bd341418a046c4955aff632ec769315d1e3cb94e6acf86d461f9ed/msgspec-0.21.1-cp313-cp313-macosx_11_0_arm64.whl", hash = "sha256:344c7cd0eaed1fb81d7959f99100ef71ec9b536881a376f11b9a6c4803365697", size = 188524, upload-time = "2026-04-12T21:44:18.815Z" },
    { url = "https://files.pythonhosted.org/packages/ca/d9/9e9d7d7e5061b47540d03d640fab9b3965ba7ae49c1b2154861c8f007518/msgspec-0.21.1-cp313-cp313-manylinux2014_aarch64.manylinux_2_17_aarch64.manylinux_2_28_aarch64.whl", hash = "sha256:48943e278b3854c2f89f955ddc6f9f430d3f0784b16e47d10604ee0463cd21f5", size = 218880, upload-time = "2026-04-12T21:44:20.028Z" },
    { url = "https://files.pythonhosted.org/packages/74/66/2bb344f34abb4b57e60c7c9c761994e0417b9718ec1460bf00c296f2a7ea/msgspec-0.21.1-cp313-cp313-manylinux2014_x86_64.manylinux_2_17_x86_64.manylinux_2_28_x86_64.whl", hash = "sha256:a9aa659ebb0101b1cbc31461212b87e341d961f0ab0772aaf068a99e001ec4aa", size = 225050, upload-time = "2026-04-12T21:44:21.577Z" },
    { url = "https://files.pythonhosted.org/packages/1a/84/7c1e412f76092277bf760cef12b7979d03314d259ab5b5cafde5d0c1722d/msgspec-0.21.1-cp313-cp313-musllinux_1_2_aarch64.whl", hash = "sha256:f7b27d1a8ead2b6f5b0c4f2d07b8be1ccfcc041c8a0e704781edebe3ae13c484", size = 222713, upload-time = "2026-04-12T21:44:22.83Z" },
    { url = "https://files.pythonhosted.org/packages/4e/27/0bba04b2b4ef05f3d068429410bc71d2cea925f1596a8f41152cccd5edb8/msgspec-0.21.1-cp313-cp313-musllinux_1_2_x86_64.whl", hash = "sha256:38fe93e86b61328fe544cb7fd871fad5a27c8734bfda90f65e5dbe288ae50f61", size = 227259, upload-time = "2026-04-12T21:44:24.11Z" },
    { url = "https://files.pythonhosted.org/packages/b0/2d/09574b0eea02fed2c2c1383dbaae2c7f79dc16dcd6487a886000afb5d7c4/msgspec-0.21.1-cp313-cp313-win_amd64.whl", hash = "sha256:8bc666331c35fcce05a7cd2d6221adbe0f6058f8e750711413d22793c080ac6a", size = 189857, upload-time = "2026-04-12T21:44:25.359Z" },
    { url = "https://files.pythonhosted.org/packages/46/34/105b1576ad182879914f0c821f17ee1d13abb165cb060448f96fe2aff078/msgspec-0.21.1-cp313-cp313-win_arm64.whl", hash = "sha256:42bb1241e0750c1a4346f2aa84db26c5ffd99a4eb3a954927d9f149ff2f42898", size = 175403, upload-time = "2026-04-12T21:44:26.608Z" },
]

[[package]]
name = "nautilus-trader"
version = "1.230.0"
source = { registry = "https://pypi.org/simple" }
dependencies = [
    { name = "click" },
    { name = "fsspec" },
    { name = "msgspec" },
    { name = "numpy" },
    { name = "pandas" },
    { name = "portion" },
    { name = "pyarrow" },
    { name = "pytz" },
    { name = "tqdm" },
    { name = "uvloop", marker = "sys_platform != 'win32'" },
]
sdist = { url = "https://files.pythonhosted.org/packages/f7/33/af01e6a9d26b9594228a903eb00b7175d82777955cc331aab0faffbc614e/nautilus_trader-1.230.0.tar.gz", hash = "sha256:cc7eaa247e640e46588094fcca44f34f4b6330eeec41e9247068f2500921757d", size = 9519123, upload-time = "2026-06-29T12:04:09.982Z" }
wheels = [
    { url = "https://files.pythonhosted.org/packages/f8/0a/bc9da3ab8f5eb74875f3b846807dfaf79b1b97aff43de70d6f298020c743/nautilus_trader-1.230.0-cp313-cp313-macosx_15_0_arm64.whl", hash = "sha256:af8a83f7cabb91460dcf5b966259eab1f4edee7f5bba965119e70c06a876e997", size = 156113454, upload-time = "2026-06-29T11:59:35.256Z" },
    { url = "https://files.pythonhosted.org/packages/b0/e8/3506c5c995ad3107484df8035fb1a9c3006f98861f5c64e15aaa4b74624a/nautilus_trader-1.230.0-cp313-cp313-manylinux_2_35_aarch64.whl", hash = "sha256:8143907c667fda91bb6466c02ff2ec9f6389aa2fcc35fb0843e75a2ab4e4bfa8", size = 168414885, upload-time = "2026-06-29T11:59:43.575Z" },
    { url = "https://files.pythonhosted.org/packages/8e/aa/0bcade1efbe58e6877be9d43e4535ceba52c2c71de71b582ed5b03bbd17e/nautilus_trader-1.230.0-cp313-cp313-manylinux_2_35_x86_64.whl", hash = "sha256:b5755ae5057b260827404aef23c3051969107d6724dd8c525f17301c9c5b24c0", size = 182538533, upload-time = "2026-06-29T11:59:52.381Z" },
    { url = "https://files.pythonhosted.org/packages/ba/75/a8463ccad00e2b75013c75714d4fb872c22b4a116575d5491fed460ca501/nautilus_trader-1.230.0-cp313-cp313-win_amd64.whl", hash = "sha256:8817c46dc34e0aafc606948aacf1dd0fbbe1a31273c8a2f20983cf4ab2ddeef1", size = 109566360, upload-time = "2026-06-29T11:59:59.683Z" },
]

[[package]]
name = "numpy"
version = "2.5.1"
source = { registry = "https://pypi.org/simple" }
sdist = { url = "https://files.pythonhosted.org/packages/22/fd/89965aa4ac08c74998539fcbf24fa3540f3e15237fbeb6bcf9c908f4aade/numpy-2.5.1.tar.gz", hash = "sha256:a48a113e6afea91f5608793bafa7ef2ad481fefbda87ec5069f483de61cb9fa3", size = 20755553, upload-time = "2026-07-04T17:08:00.933Z" }
wheels = [
    { url = "https://files.pythonhosted.org/packages/eb/07/ec2a3f0c91761581d4b7104a740791800025983f9a4dc4e73f91a99aeac4/numpy-2.5.1-cp313-cp313-macosx_10_13_x86_64.whl", hash = "sha256:0bfebd8695f9863592fe744be833a258120b14a9f39da255e8aa8fade2c0ddd1", size = 16796419, upload-time = "2026-07-04T17:06:40.37Z" },
    { url = "https://files.pythonhosted.org/packages/ab/ab/ddb499fc4f8780354395face5b65c7fd107bcd6e1d667a5f07d046956f6f/numpy-2.5.1-cp313-cp313-macosx_11_0_arm64.whl", hash = "sha256:30b44a6b53a7ae63c54c089a8726e5563ed302716c5b7ccc85afade40b0e7ff6", size = 11765832, upload-time = "2026-07-04T17:06:42.768Z" },
    { url = "https://files.pythonhosted.org/packages/88/b3/3c28c558a09fc72100c646dac6d2fce8e834c471b0edca01a29996706117/numpy-2.5.1-cp313-cp313-macosx_14_0_arm64.whl", hash = "sha256:6165343f81b56ef8f514f396989e529b61d9dc709b99421b07e9f3e698e2287d", size = 5325143, upload-time = "2026-07-04T17:06:45.466Z" },
    { url = "https://files.pythonhosted.org/packages/5e/0e/ce19b985bb15c596f4f05954e76cccc77c845083b3b8f938a6c68e523128/numpy-2.5.1-cp313-cp313-macosx_14_0_x86_64.whl", hash = "sha256:4939237038ada79308dda3204ac6462df056b5672b2e25db1149cf873668b3e1", size = 6659749, upload-time = "2026-07-04T17:06:47.288Z" },
    { url = "https://files.pythonhosted.org/packages/2e/20/1ee6614d64332a1bba6411f38e68cb79eec1b2459e20a623777c5c5492a2/numpy-2.5.1-cp313-cp313-manylinux_2_27_aarch64.manylinux_2_28_aarch64.whl", hash = "sha256:1c6759f538fb912fc46de0a6b1758ccf7b57bc7c7ebebc23974fdac3de8db0cd", size = 15164716, upload-time = "2026-07-04T17:06:49.494Z" },
    { url = "https://files.pythonhosted.org/packages/ed/a7/2bcd3fdbb87804755c35b729bf8709d62025c5f4cfd7d5b2415997097515/numpy-2.5.1-cp313-cp313-manylinux_2_27_x86_64.manylinux_2_28_x86_64.whl", hash = "sha256:9726558e8db4a5bf7929a70ae50f63abda4daf0efe810e3bfbab95976f75fc1a", size = 16661440, upload-time = "2026-07-04T17:06:52.061Z" },
    { url = "https://files.pythonhosted.org/packages/fc/d7/a41e3310c886fe457d36e670bbf24fae411aca8a7b6ad92a32afd924077c/numpy-2.5.1-cp313-cp313-musllinux_1_2_aarch64.whl", hash = "sha256:3935f3b419b244a02732676fa5317a9193cc596a4c0646db07e5b421229ac9f7", size = 16526305, upload-time = "2026-07-04T17:06:54.605Z" },
    { url = "https://files.pythonhosted.org/packages/53/75/4333a9a707c1edd3a4e1a0c58eca52c0f31e55089fa80db02b5565b24df7/numpy-2.5.1-cp313-cp313-musllinux_1_2_x86_64.whl", hash = "sha256:dc932a65ded7ce9013d120845a2514dcccb1a67bfc8deb8d37633762951904a6", size = 18423008, upload-time = "2026-07-04T17:06:57.54Z" },
    { url = "https://files.pythonhosted.org/packages/ee/90/e314a32b1c11a2ffe818ddad3a57b50b4b6e1b6c487192eb50cdef0415d0/numpy-2.5.1-cp313-cp313-win32.whl", hash = "sha256:4b4ff1608417eb7a59da7b967bbb798cacfe071d2caf526a24281cd562072ed9", size = 6063885, upload-time = "2026-07-04T17:07:00.14Z" },
    { url = "https://files.pythonhosted.org/packages/10/70/800b3fca480af32df9e8ea9f3d4a0c8feb4b32d7f195d174eabbda4829ad/numpy-2.5.1-cp313-cp313-win_amd64.whl", hash = "sha256:6c3fe51bc6a16453d452997053454f309e8e0ed7b42d6b361ce4ac8c32913d74", size = 12425674, upload-time = "2026-07-04T17:07:02.387Z" },
    { url = "https://files.pythonhosted.org/packages/8b/0b/196350c122f50f6ca56846f2d71efd5e0d24b7b2e07355e019b2e2c7a11e/numpy-2.5.1-cp313-cp313-win_arm64.whl", hash = "sha256:f7feb014281029e628ba2d5a007407443b06e418b6fe451d1e2adcbc8eba0107", size = 10350256, upload-time = "2026-07-04T17:07:04.878Z" },
]

[[package]]
name = "pandas"
version = "3.0.5"
source = { registry = "https://pypi.org/simple" }
dependencies = [
    { name = "numpy" },
    { name = "python-dateutil" },
    { name = "tzdata", marker = "sys_platform == 'emscripten' or sys_platform == 'win32'" },
]
sdist = { url = "https://files.pythonhosted.org/packages/be/4f/5f3422a2afec5ffc46308b79e53291365a93748b498ac2e58bead0197916/pandas-3.0.5.tar.gz", hash = "sha256:dca3734d6ab7c906e6730f0788b0a1dbb9f2467731f9711f77995c8e9d62d712", size = 4658219, upload-time = "2026-07-22T22:19:28.819Z" }
wheels = [
    { url = "https://files.pythonhosted.org/packages/bf/09/7b95c4a0025227d6f118c4039b423412ac6a982db02864166185d812fbc7/pandas-3.0.5-cp313-cp313-macosx_10_13_x86_64.whl", hash = "sha256:c1c05a767fe8e5b4fe9e1c29806829c582052eaedb9120a3da83ba3f69e24a5b", size = 10385742, upload-time = "2026-07-22T22:18:29.346Z" },
    { url = "https://files.pythonhosted.org/packages/8d/0c/dc78fd8c4da477b4b5e8ad37295af352190d21ef63a9ee1bc071753074cc/pandas-3.0.5-cp313-cp313-macosx_11_0_arm64.whl", hash = "sha256:b86765f268b56f7e665b93bce9d5df69dee7f99e595cf8fb839483ab315942a3", size = 9932067, upload-time = "2026-07-22T22:18:31.833Z" },
    { url = "https://files.pythonhosted.org/packages/3e/71/3592c055cf44df9808550f9368ceda80ff2b224d355ef73fe251dcda1802/pandas-3.0.5-cp313-cp313-manylinux_2_24_aarch64.manylinux_2_28_aarch64.whl", hash = "sha256:c597ecf5616b5c420372c1d4d4c00dbbfba7398bea857dcc984347e1ea48417b", size = 10466756, upload-time = "2026-07-22T22:18:34.195Z" },
    { url = "https://files.pythonhosted.org/packages/e3/70/4363150359f95b4cb4bcbb34ca23572bb5495749a621a8f3d5a1ddfd293c/pandas-3.0.5-cp313-cp313-manylinux_2_24_x86_64.manylinux_2_28_x86_64.whl", hash = "sha256:4b11c36e218331d0387cbe3a0a5f75162357a1d92d57b2b08a336ff94b19b2be", size = 10938525, upload-time = "2026-07-22T22:18:36.81Z" },
    { url = "https://files.pythonhosted.org/packages/f7/d0/317e7a0c67c0e69fa905a0161409397a7dc2d46ff611f6ca4803352c042b/pandas-3.0.5-cp313-cp313-musllinux_1_2_aarch64.whl", hash = "sha256:cf52e1f61d229496da17dc7ab54acdee627357e7008fd4fecba3d0ba2937fa58", size = 11489303, upload-time = "2026-07-22T22:18:39.287Z" },
    { url = "https://files.pythonhosted.org/packages/f1/8d/36dade89b49e4f9d5cbdbe863772581f98c0c6d78fc39ad4c557f6f2e17e/pandas-3.0.5-cp313-cp313-musllinux_1_2_x86_64.whl", hash = "sha256:db172144bb56422bd157812f3b021eacc255451470b31e2c633c349490a1cfee", size = 11989004, upload-time = "2026-07-22T22:18:42.208Z" },
    { url = "https://files.pythonhosted.org/packages/9c/ba/18c4ec8a746e177da05a9e7a7963781d8ea195780724f854601b6ebd6b78/pandas-3.0.5-cp313-cp313-win_amd64.whl", hash = "sha256:0d298e951f23016ce4699951d044ae6418dbc91bf68cefca0f77666fcbb4e5c6", size = 9826896, upload-time = "2026-07-22T22:18:44.539Z" },
    { url = "https://files.pythonhosted.org/packages/de/ec/28a57266b753799a87b8bc79e7887ac6fd981b8c6d2978a0b7e7b6bd708c/pandas-3.0.5-cp313-cp313-win_arm64.whl", hash = "sha256:66266d3442a5e8b3c90274c2b8b230bee42dd1c286bc822cc2f9f2c7e12b883e", size = 9094790, upload-time = "2026-07-22T22:18:47.468Z" },
]

[[package]]
name = "portion"
version = "2.6.2"
source = { registry = "https://pypi.org/simple" }
dependencies = [
    { name = "sortedcontainers" },
]
sdist = { url = "https://files.pythonhosted.org/packages/cd/5e/571d6f0ae29cf3dcec34519d7f8a4265e3348ef58f247548e9306087163b/portion-2.6.2.tar.gz", hash = "sha256:fbf334143dbac5d07ffa411784e2b29e4e1f21203385019a93e2c1a8f443da16", size = 123371, upload-time = "2026-06-14T14:16:22.456Z" }
wheels = [
    { url = "https://files.pythonhosted.org/packages/6a/26/669f1f68c5741bce383c3bb6afd1dda3495813118024a6a0a27d47b9d284/portion-2.6.2-py3-none-any.whl", hash = "sha256:86be115afafa776174dc5eac82afb6496c9fa3684f5b3a844c3139535c51085e", size = 28218, upload-time = "2026-06-14T14:16:21.169Z" },
]

[[package]]
name = "pyarrow"
version = "25.0.0"
source = { registry = "https://pypi.org/simple" }
sdist = { url = "https://files.pythonhosted.org/packages/27/f3/95428098d1fa7d04432fb750eed06b41304c2f6a5d3319985e64db2d9d41/pyarrow-25.0.0.tar.gz", hash = "sha256:d2d697008b5ec06d75952ef260c2e9a8a0f6ccfce24266c04c9c8ade927cb3b4", size = 1199181, upload-time = "2026-07-10T08:29:50.116Z" }
wheels = [
    { url = "https://files.pythonhosted.org/packages/6c/c8/098ce17d778fd9d29e40bb8c5f19a40cc90c3f0b46c9057b0d7993f42f54/pyarrow-25.0.0-cp313-cp313-macosx_12_0_arm64.whl", hash = "sha256:8831a3ba52fa7cdb78d368d968b1dcd06171e6dff5461e16d90de91d371e47bc", size = 35844549, upload-time = "2026-07-10T08:27:37.956Z" },
    { url = "https://files.pythonhosted.org/packages/bc/66/24c28877219abf6263d909b1592c97ff82c59f13a59acbed11fc87c0654f/pyarrow-25.0.0-cp313-cp313-macosx_12_0_x86_64.whl", hash = "sha256:5f4bacb60f91dd2fca6c52f1b9a0012cd090e0294f1f781dc1881a247a352f8e", size = 37610397, upload-time = "2026-07-10T08:27:43.803Z" },
    { url = "https://files.pythonhosted.org/packages/53/55/6d1d5f5aff317ec5de9421594679ed51ed828fe7e2ce209327f819d801e4/pyarrow-25.0.0-cp313-cp313-manylinux_2_28_aarch64.whl", hash = "sha256:59516c822d5fd8e544aaa0dfe72f36fed5d4c24ea8390aab1bcd31d7e959c6be", size = 46841701, upload-time = "2026-07-10T08:27:49.741Z" },
    { url = "https://files.pythonhosted.org/packages/b5/5d/f790fb6965ab54c9da0dda7856abc75fd0d7648d865f8d603c111d203a64/pyarrow-25.0.0-cp313-cp313-manylinux_2_28_x86_64.whl", hash = "sha256:6f9dbd83e91c239a1f5ee7ce13f108b5f6c0efbe40a4375260d8f08b43ad05e9", size = 50090118, upload-time = "2026-07-10T08:27:56.051Z" },
    { url = "https://files.pythonhosted.org/packages/0c/8c/faf025357ebf31bc96777f234277aa31e2aeca6dd4ecaa391f29085473c2/pyarrow-25.0.0-cp313-cp313-musllinux_1_2_aarch64.whl", hash = "sha256:18dcc8cc50b5e72eae6fcbfc6c8776c21a007176b27a3cdec5c2f5bcf126708d", size = 49945559, upload-time = "2026-07-10T08:28:01.927Z" },
    { url = "https://files.pythonhosted.org/packages/07/a1/bd051871708ea99a5e0fc711926c26c6f2c6d0130c7aaac8093e34998af6/pyarrow-25.0.0-cp313-cp313-musllinux_1_2_x86_64.whl", hash = "sha256:4ec1895a87aa834c3b99b7a1e758747eb8bb57f922b32c0e0fa04afb8d6998b1", size = 53114238, upload-time = "2026-07-10T08:28:08.594Z" },
    { url = "https://files.pythonhosted.org/packages/7c/31/737f0c3cffcd6af647849477d1dd68045deac2e3963c3f9f211bedc48540/pyarrow-25.0.0-cp313-cp313-win_amd64.whl", hash = "sha256:77c8d1ae46a44b4006e8db1cc977bbcc6ce4873c92f74137d68e45503b97fb18", size = 27861162, upload-time = "2026-07-10T08:28:12.975Z" },
]

[[package]]
name = "python-dateutil"
version = "2.9.0.post0"
source = { registry = "https://pypi.org/simple" }
dependencies = [
    { name = "six" },
]
sdist = { url = "https://files.pythonhosted.org/packages/66/c0/0c8b6ad9f17a802ee498c46e004a0eb49bc148f2fd230864601a86dcf6db/python-dateutil-2.9.0.post0.tar.gz", hash = "sha256:37dd54208da7e1cd875388217d5e00ebd4179249f90fb72437e91a35459a0ad3", size = 342432, upload-time = "2024-03-01T18:36:20.211Z" }
wheels = [
    { url = "https://files.pythonhosted.org/packages/ec/57/56b9bcc3c9c6a792fcbaf139543cee77261f3651ca9da0c93f5c1221264b/python_dateutil-2.9.0.post0-py2.py3-none-any.whl", hash = "sha256:a8b2bc7bffae282281c8140a97d3aa9c14da0b136dfe83f850eea9a5f7470427", size = 229892, upload-time = "2024-03-01T18:36:18.57Z" },
]

[[package]]
name = "pytz"
version = "2026.3.post1"
source = { registry = "https://pypi.org/simple" }
sdist = { url = "https://files.pythonhosted.org/packages/fb/48/fb042503b6ca6cd271261dc559fd6432f7d8c713153e9ec5c591af4dfc1c/pytz-2026.3.post1.tar.gz", hash = "sha256:2211d3fcf9a797d3405cac96ac7f61d80e6a644f72a3309607282fe8a2010c5d", size = 319745, upload-time = "2026-07-25T15:12:07.385Z" }
wheels = [
    { url = "https://files.pythonhosted.org/packages/0f/7b/39c34ca613b0b198cb866466651b26b045e2009864c5183c979a3b83f383/pytz-2026.3.post1-py2.py3-none-any.whl", hash = "sha256:dd95840dd199baea12d9cc096a1d452caa6596a1c1e4b5f3dbd1541855d5e815", size = 508283, upload-time = "2026-07-25T15:12:05.782Z" },
]

[[package]]
name = "six"
version = "1.17.0"
source = { registry = "https://pypi.org/simple" }
sdist = { url = "https://files.pythonhosted.org/packages/94/e7/b2c673351809dca68a0e064b6af791aa332cf192da575fd474ed7d6f16a2/six-1.17.0.tar.gz", hash = "sha256:ff70335d468e7eb6ec65b95b99d3a2836546063f63acc5171de367e834932a81", size = 34031, upload-time = "2024-12-04T17:35:28.174Z" }
wheels = [
    { url = "https://files.pythonhosted.org/packages/b7/ce/149a00dd41f10bc29e5921b496af8b574d8413afcd5e30dfa0ed46c2cc5e/six-1.17.0-py2.py3-none-any.whl", hash = "sha256:4721f391ed90541fddacab5acf947aa0d3dc7d27b2e1e8eda2be8970586c3274", size = 11050, upload-time = "2024-12-04T17:35:26.475Z" },
]

[[package]]
name = "smc-ict-4-live"
version = "0.1.0"
source = { editable = "." }
dependencies = [
    { name = "nautilus-trader" },
]

[package.metadata]
requires-dist = [{ name = "nautilus-trader", specifier = "==1.230.0" }]

[[package]]
name = "sortedcontainers"
version = "2.4.0"
source = { registry = "https://pypi.org/simple" }
sdist = { url = "https://files.pythonhosted.org/packages/e8/c4/ba2f8066cceb6f23394729afe52f3bf7adec04bf9ed2c820b39e19299111/sortedcontainers-2.4.0.tar.gz", hash = "sha256:25caa5a06cc30b6b83d11423433f65d1f9d76c4c6a0c90e3379eaa43b9bfdb88", size = 30594, upload-time = "2021-05-16T22:03:42.897Z" }
wheels = [
    { url = "https://files.pythonhosted.org/packages/32/46/9cb0e58b2deb7f82b84065f37f3bffeb12413f947f9388e4cac22c4621ce/sortedcontainers-2.4.0-py2.py3-none-any.whl", hash = "sha256:a163dcaede0f1c021485e957a39245190e74249897e2ae4b2aa38595db237ee0", size = 29575, upload-time = "2021-05-16T22:03:41.177Z" },
]

[[package]]
name = "tqdm"
version = "4.70.0"
source = { registry = "https://pypi.org/simple" }
dependencies = [
    { name = "colorama", marker = "sys_platform == 'win32'" },
]
sdist = { url = "https://files.pythonhosted.org/packages/21/3b/6c24bec5be5e743ffd99576daa5cc077722fc7d5bbc00bd133fa0c698dc6/tqdm-4.70.0.tar.gz", hash = "sha256:55b0b0dbd97462d06ebee91e4dac24ed4d4702be82b24f07e6c1d27e08cea220", size = 795438, upload-time = "2026-07-27T11:33:15.271Z" }
wheels = [
    { url = "https://files.pythonhosted.org/packages/f9/1c/01bfd571a64e7f270e6bab5e33777debe0edc56759233ce84f27dec92d14/tqdm-4.70.0-py3-none-any.whl", hash = "sha256:7f585706bfddbdebf89daac705b2dfcc16890130727d3197ca62c732b4310953", size = 80184, upload-time = "2026-07-27T11:33:13.167Z" },
]

[[package]]
name = "tzdata"
version = "2026.3"
source = { registry = "https://pypi.org/simple" }
sdist = { url = "https://files.pythonhosted.org/packages/92/ff/5a28bdfd8c3ebec42564ac7d0e54ca3db65044a9314a97f9564fa7a1e926/tzdata-2026.3.tar.gz", hash = "sha256:4a1518b8993086a7982523e071643f3c0e5f213e75b21318e78bcabfff9d1415", size = 198674, upload-time = "2026-07-10T08:50:37.887Z" }
wheels = [
    { url = "https://files.pythonhosted.org/packages/e5/6d/b53b99a9f2766d095985947a5782f1702cabb129a34f7a802d7197af832f/tzdata-2026.3-py2.py3-none-any.whl", hash = "sha256:dc096730c87af6cab1b171c9d532be840741ff5d459015e7f6947bd7d7e54931", size = 348168, upload-time = "2026-07-10T08:50:36.46Z" },
]

[[package]]
name = "uvloop"
version = "0.22.1"
source = { registry = "https://pypi.org/simple" }
sdist = { url = "https://files.pythonhosted.org/packages/06/f0/18d39dbd1971d6d62c4629cc7fa67f74821b0dc1f5a77af43719de7936a7/uvloop-0.22.1.tar.gz", hash = "sha256:6c84bae345b9147082b17371e3dd5d42775bddce91f885499017f4607fdaf39f", size = 2443250, upload-time = "2025-10-16T22:17:19.342Z" }
wheels = [
    { url = "https://files.pythonhosted.org/packages/89/8c/182a2a593195bfd39842ea68ebc084e20c850806117213f5a299dfc513d9/uvloop-0.22.1-cp313-cp313-macosx_10_13_universal2.whl", hash = "sha256:561577354eb94200d75aca23fbde86ee11be36b00e52a4eaf8f50fb0c86b7705", size = 1358611, upload-time = "2025-10-16T22:16:36.833Z" },
    { url = "https://files.pythonhosted.org/packages/d2/14/e301ee96a6dc95224b6f1162cd3312f6d1217be3907b79173b06785f2fe7/uvloop-0.22.1-cp313-cp313-macosx_10_13_x86_64.whl", hash = "sha256:1cdf5192ab3e674ca26da2eada35b288d2fa49fdd0f357a19f0e7c4e7d5077c8", size = 751811, upload-time = "2025-10-16T22:16:38.275Z" },
    { url = "https://files.pythonhosted.org/packages/b7/02/654426ce265ac19e2980bfd9ea6590ca96a56f10c76e63801a2df01c0486/uvloop-0.22.1-cp313-cp313-manylinux2014_aarch64.manylinux_2_17_aarch64.manylinux_2_28_aarch64.whl", hash = "sha256:6e2ea3d6190a2968f4a14a23019d3b16870dd2190cd69c8180f7c632d21de68d", size = 4288562, upload-time = "2025-10-16T22:16:39.375Z" },
    { url = "https://files.pythonhosted.org/packages/15/c0/0be24758891ef825f2065cd5db8741aaddabe3e248ee6acc5e8a80f04005/uvloop-0.22.1-cp313-cp313-manylinux2014_x86_64.manylinux_2_17_x86_64.manylinux_2_28_x86_64.whl", hash = "sha256:0530a5fbad9c9e4ee3f2b33b148c6a64d47bbad8000ea63704fa8260f4cf728e", size = 4366890, upload-time = "2025-10-16T22:16:40.547Z" },
    { url = "https://files.pythonhosted.org/packages/d2/53/8369e5219a5855869bcee5f4d317f6da0e2c669aecf0ef7d371e3d084449/uvloop-0.22.1-cp313-cp313-musllinux_1_2_aarch64.whl", hash = "sha256:bc5ef13bbc10b5335792360623cc378d52d7e62c2de64660616478c32cd0598e", size = 4119472, upload-time = "2025-10-16T22:16:41.694Z" },
    { url = "https://files.pythonhosted.org/packages/f8/ba/d69adbe699b768f6b29a5eec7b47dd610bd17a69de51b251126a801369ea/uvloop-0.22.1-cp313-cp313-musllinux_1_2_x86_64.whl", hash = "sha256:1f38ec5e3f18c8a10ded09742f7fb8de0108796eb673f30ce7762ce1b8550cad", size = 4239051, upload-time = "2025-10-16T22:16:43.224Z" },
]
